// !$*UTF8*$!
{
	archiveVersion = 1;
	classes = {
	};
	objectVersion = 56;
	objects = {

/* Begin PBXBuildFile section */
		22209FBF2A7ADBE70017776D /* AppDelegate.swift in Sources */ = {isa = PBXBuildFile; fileRef = 22209FBE2A7ADBE70017776D /* AppDelegate.swift */; };
		22209FC12A7ADBE70017776D /* SceneDelegate.swift in Sources */ = {isa = PBXBuildFile; fileRef = 22209FC02A7ADBE70017776D /* SceneDelegate.swift */; };
		22209FC32A7ADBE70017776D /* HomePage.swift in Sources */ = {isa = PBXBuildFile; fileRef = 22209FC22A7ADBE70017776D /* HomePage.swift */; };
		22209FC62A7ADBE70017776D /* Main.storyboard in Resources */ = {isa = PBXBuildFile; fileRef = 22209FC42A7ADBE70017776D /* Main.storyboard */; };
		22209FC82A7ADBEB0017776D /* Assets.xcassets in Resources */ = {isa = PBXBuildFile; fileRef = 22209FC72A7ADBEB0017776D /* Assets.xcassets */; };
		22209FCB2A7ADBEB0017776D /* LaunchScreen.storyboard in Resources */ = {isa = PBXBuildFile; fileRef = 22209FC92A7ADBEB0017776D /* LaunchScreen.storyboard */; };
		224C34F52A8E558200C232A1 /* FMDatabasePool.m in Sources */ = {isa = PBXBuildFile; fileRef = 224C34EB2A8E557F00C232A1 /* FMDatabasePool.m */; };
		224C34F62A8E558200C232A1 /* FMDatabaseAdditions.m in Sources */ = {isa = PBXBuildFile; fileRef = 224C34EC2A8E558000C232A1 /* FMDatabaseAdditions.m */; };
		224C34F72A8E558200C232A1 /* FMDatabaseQueue.m in Sources */ = {isa = PBXBuildFile; fileRef = 224C34EE2A8E558000C232A1 /* FMDatabaseQueue.m */; };
		224C34F82A8E558200C232A1 /* FMResultSet.m in Sources */ = {isa = PBXBuildFile; fileRef = 224C34F22A8E558100C232A1 /* FMResultSet.m */; };
		224C34F92A8E558200C232A1 /* FMDatabase.m in Sources */ = {isa = PBXBuildFile; fileRef = 224C34F32A8E558200C232A1 /* FMDatabase.m */; };
		224C35032A8E5D4100C232A1 /* tasks.sqlite in Resources */ = {isa = PBXBuildFile; fileRef = 224C35022A8E5D4100C232A1 /* tasks.sqlite */; };
		22B23BF32A7AF0700043803C /* CreateTaskPage.swift in Sources */ = {isa = PBXBuildFile; fileRef = 22B23BF22A7AF0700043803C /* CreateTaskPage.swift */; };
		22B23BF62A7AF2230043803C /* TaskDetailPage.swift in Sources */ = {isa = PBXBuildFile; fileRef = 22B23BF52A7AF2230043803C /* TaskDetailPage.swift */; };
		22B23BF82A7AF5D20043803C /* Tasks.swift in Sources */ = {isa = PBXBuildFile; fileRef = 22B23BF72A7AF5D20043803C /* Tasks.swift */; };
		22B23BFE2A8052590043803C /* TasksCell.swift in Sources */ = {isa = PBXBuildFile; fileRef = 22B23BFD2A8052590043803C /* TasksCell.swift */; };
		22E6D4472A8977DC00BAC22A /* RxSwift in Frameworks */ = {isa = PBXBuildFile; productRef = 22E6D4462A8977DC00BAC22A /* RxSwift */; };
		22E6D44A2A89783800BAC22A /* TasksDaoRepository.swift in Sources */ = {isa = PBXBuildFile; fileRef = 22E6D4492A89783800BAC22A /* TasksDaoRepository.swift */; };
		22E6D44D2A89786800BAC22A /* HomePageViewModel.swift in Sources */ = {isa = PBXBuildFile; fileRef = 22E6D44C2A89786800BAC22A /* HomePageViewModel.swift */; };
		22E6D44F2A89788200BAC22A /* CreateTaskViewModel.swift in Sources */ = {isa = PBXBuildFile; fileRef = 22E6D44E2A89788200BAC22A /* CreateTaskViewModel.swift */; };
		22E6D4512A89789100BAC22A /* TaskDetailViewModel.swift in Sources */ = {isa = PBXBuildFile; fileRef = 22E6D4502A89789100BAC22A /* TaskDetailViewModel.swift */; };
/* End PBXBuildFile section */

/* Begin PBXFileReference section */
		22209FBB2A7ADBE70017776D /* ToDoApp.app */ = {isa = PBXFileReference; explicitFileType = wrapper.application; includeInIndex = 0; path = ToDoApp.app; sourceTree = BUILT_PRODUCTS_DIR; };
		22209FBE2A7ADBE70017776D /* AppDelegate.swift */ = {isa = PBXFileReference; lastKnownFileType = sourcecode.swift; path = AppDelegate.swift; sourceTree = "<group>"; };
		22209FC02A7ADBE70017776D /* SceneDelegate.swift */ = {isa = PBXFileReference; lastKnownFileType = sourcecode.swift; path = SceneDelegate.swift; sourceTree = "<group>"; };
		22209FC22A7ADBE70017776D /* HomePage.swift */ = {isa = PBXFileReference; lastKnownFileType = sourcecode.swift; path = HomePage.swift; sourceTree = "<group>"; };
		22209FC52A7ADBE70017776D /* Base */ = {isa = PBXFileReference; lastKnownFileType = file.storyboard; name = Base; path = Base.lproj/Main.storyboard; sourceTree = "<group>"; };
		22209FC72A7ADBEB0017776D /* Assets.xcassets */ = {isa = PBXFileReference; lastKnownFileType = folder.assetcatalog; path = Assets.xcassets; sourceTree = "<group>"; };
		22209FCA2A7ADBEB0017776D /* Base */ = {isa = PBXFileReference; lastKnownFileType = file.storyboard; name = Base; path = Base.lproj/LaunchScreen.storyboard; sourceTree = "<group>"; };
		22209FCC2A7ADBEB0017776D /* Info.plist */ = {isa = PBXFileReference; lastKnownFileType = text.plist.xml; path = Info.plist; sourceTree = "<group>"; };
		224C34E82A8E555800C232A1 /* libsqlite3.tbd */ = {isa = PBXFileReference; lastKnownFileType = "sourcecode.text-based-dylib-definition"; name = libsqlite3.tbd; path = usr/lib/libsqlite3.tbd; sourceTree = SDKROOT; };
		224C34E92A8E557E00C232A1 /* ToDoApp-Bridging-Header.h */ = {isa = PBXFileReference; lastKnownFileType = sourcecode.c.h; path = "ToDoApp-Bridging-Header.h"; sourceTree = "<group>"; };
		224C34EA2A8E557F00C232A1 /* FMDatabasePool.h */ = {isa = PBXFileReference; fileEncoding = 4; lastKnownFileType = sourcecode.c.h; path = FMDatabasePool.h; sourceTree = "<group>"; };
		224C34EB2A8E557F00C232A1 /* FMDatabasePool.m */ = {isa = PBXFileReference; fileEncoding = 4; lastKnownFileType = sourcecode.c.objc; path = FMDatabasePool.m; sourceTree = "<group>"; };
		224C34EC2A8E558000C232A1 /* FMDatabaseAdditions.m */ = {isa = PBXFileReference; fileEncoding = 4; lastKnownFileType = sourcecode.c.objc; path = FMDatabaseAdditions.m; sourceTree = "<group>"; };
		224C34ED2A8E558000C232A1 /* FMDatabaseQueue.h */ = {isa = PBXFileReference; fileEncoding = 4; lastKnownFileType = sourcecode.c.h; path = FMDatabaseQueue.h; sourceTree = "<group>"; };
		224C34EE2A8E558000C232A1 /* FMDatabaseQueue.m */ = {isa = PBXFileReference; fileEncoding = 4; lastKnownFileType = sourcecode.c.objc; path = FMDatabaseQueue.m; sourceTree = "<group>"; };
		224C34EF2A8E558100C232A1 /* FMDB.h */ = {isa = PBXFileReference; fileEncoding = 4; lastKnownFileType = sourcecode.c.h; path = FMDB.h; sourceTree = "<group>"; };
		224C34F02A8E558100C232A1 /* FMResultSet.h */ = {isa = PBXFileReference; fileEncoding = 4; lastKnownFileType = sourcecode.c.h; path = FMResultSet.h; sourceTree = "<group>"; };
		224C34F12A8E558100C232A1 /* FMDatabaseAdditions.h */ = {isa = PBXFileReference; fileEncoding = 4; lastKnownFileType = sourcecode.c.h; path = FMDatabaseAdditions.h; sourceTree = "<group>"; };
		224C34F22A8E558100C232A1 /* FMResultSet.m */ = {isa = PBXFileReference; fileEncoding = 4; lastKnownFileType = sourcecode.c.objc; path = FMResultSet.m; sourceTree = "<group>"; };
		224C34F32A8E558200C232A1 /* FMDatabase.m */ = {isa = PBXFileReference; fileEncoding = 4; lastKnownFileType = sourcecode.c.objc; path = FMDatabase.m; sourceTree = "<group>"; };
		224C34F42A8E558200C232A1 /* FMDatabase.h */ = {isa = PBXFileReference; fileEncoding = 4; lastKnownFileType = sourcecode.c.h; path = FMDatabase.h; sourceTree = "<group>"; };
		224C35022A8E5D4100C232A1 /* tasks.sqlite */ = {isa = PBXFileReference; lastKnownFileType = file; path = tasks.sqlite; sourceTree = "<group>"; };
		22B23BF22A7AF0700043803C /* CreateTaskPage.swift */ = {isa = PBXFileReference; lastKnownFileType = sourcecode.swift; path = CreateTaskPage.swift; sourceTree = "<group>"; };
		22B23BF52A7AF2230043803C /* TaskDetailPage.swift */ = {isa = PBXFileReference; lastKnownFileType = sourcecode.swift; path = TaskDetailPage.swift; sourceTree = "<group>"; };
		22B23BF72A7AF5D20043803C /* Tasks.swift */ = {isa = PBXFileReference; lastKnownFileType = sourcecode.swift; path = Tasks.swift; sourceTree = "<group>"; };
		22B23BFD2A8052590043803C /* TasksCell.swift */ = {isa = PBXFileReference; lastKnownFileType = sourcecode.swift; path = TasksCell.swift; sourceTree = "<group>"; };
		22E6D4492A89783800BAC22A /* TasksDaoRepository.swift */ = {isa = PBXFileReference; lastKnownFileType = sourcecode.swift; path = TasksDaoRepository.swift; sourceTree = "<group>"; };
		22E6D44C2A89786800BAC22A /* HomePageViewModel.swift */ = {isa = PBXFileReference; lastKnownFileType = sourcecode.swift; path = "\U0010HomePageViewModel.swift"; sourceTree = "<group>"; };
		22E6D44E2A89788200BAC22A /* CreateTaskViewModel.swift */ = {isa = PBXFileReference; lastKnownFileType = sourcecode.swift; path = CreateTaskViewModel.swift; sourceTree = "<group>"; };
		22E6D4502A89789100BAC22A /* TaskDetailViewModel.swift */ = {isa = PBXFileReference; lastKnownFileType = sourcecode.swift; path = TaskDetailViewModel.swift; sourceTree = "<group>"; };
/* End PBXFileReference section */

/* Begin PBXFrameworksBuildPhase section */
		22209FB82A7ADBE70017776D /* Frameworks */ = {
			isa = PBXFrameworksBuildPhase;
			buildActionMask = 2147483647;
			files = (
				22E6D4472A8977DC00BAC22A /* RxSwift in Frameworks */,
			);
			runOnlyForDeploymentPostprocessing = 0;
		};
/* End PBXFrameworksBuildPhase section */

/* Begin PBXGroup section */
		22209FB22A7ADBE70017776D = {
			isa = PBXGroup;
			children = (
				22209FBD2A7ADBE70017776D /* ToDoApp */,
				22209FBC2A7ADBE70017776D /* Products */,
				224C34E72A8E555800C232A1 /* Frameworks */,
			);
			sourceTree = "<group>";
		};
		22209FBC2A7ADBE70017776D /* Products */ = {
			isa = PBXGroup;
			children = (
				22209FBB2A7ADBE70017776D /* ToDoApp.app */,
			);
			name = Products;
			sourceTree = "<group>";
		};
		22209FBD2A7ADBE70017776D /* ToDoApp */ = {
			isa = PBXGroup;
			children = (
				22209FD42A7ADC460017776D /* data */,
				22209FD22A7ADC2F0017776D /* ui */,
				22209FBE2A7ADBE70017776D /* AppDelegate.swift */,
				22209FC02A7ADBE70017776D /* SceneDelegate.swift */,
				22209FC42A7ADBE70017776D /* Main.storyboard */,
				22209FC72A7ADBEB0017776D /* Assets.xcassets */,
				22209FC92A7ADBEB0017776D /* LaunchScreen.storyboard */,
				22209FCC2A7ADBEB0017776D /* Info.plist */,
				224C35022A8E5D4100C232A1 /* tasks.sqlite */,
				224C34F42A8E558200C232A1 /* FMDatabase.h */,
				224C34F32A8E558200C232A1 /* FMDatabase.m */,
				224C34F12A8E558100C232A1 /* FMDatabaseAdditions.h */,
				224C34EC2A8E558000C232A1 /* FMDatabaseAdditions.m */,
				224C34EA2A8E557F00C232A1 /* FMDatabasePool.h */,
				224C34EB2A8E557F00C232A1 /* FMDatabasePool.m */,
				224C34ED2A8E558000C232A1 /* FMDatabaseQueue.h */,
				224C34EE2A8E558000C232A1 /* FMDatabaseQueue.m */,
				224C34EF2A8E558100C232A1 /* FMDB.h */,
				224C34F02A8E558100C232A1 /* FMResultSet.h */,
				224C34F22A8E558100C232A1 /* FMResultSet.m */,
				224C34E92A8E557E00C232A1 /* ToDoApp-Bridging-Header.h */,
			);
			path = ToDoApp;
			sourceTree = "<group>";
		};
		22209FD22A7ADC2F0017776D /* ui */ = {
			isa = PBXGroup;
			children = (
				22E6D44B2A89784F00BAC22A /* viewmodel */,
				22B23BFC2A8052430043803C /* tableview */,
				22209FD32A7ADC390017776D /* views */,
			);
			path = ui;
			sourceTree = "<group>";
		};
		22209FD32A7ADC390017776D /* views */ = {
			isa = PBXGroup;
			children = (
				22209FC22A7ADBE70017776D /* HomePage.swift */,
				22B23BF22A7AF0700043803C /* CreateTaskPage.swift */,
				22B23BF52A7AF2230043803C /* TaskDetailPage.swift */,
			);
			path = views;
			sourceTree = "<group>";
		};
		22209FD42A7ADC460017776D /* data */ = {
			isa = PBXGroup;
			children = (
				22E6D4482A89781700BAC22A /* repo */,
				22209FD52A7ADC4E0017776D /* entity */,
			);
			path = data;
			sourceTree = "<group>";
		};
		22209FD52A7ADC4E0017776D /* entity */ = {
			isa = PBXGroup;
			children = (
				22B23BF72A7AF5D20043803C /* Tasks.swift */,
			);
			path = entity;
			sourceTree = "<group>";
		};
		224C34E72A8E555800C232A1 /* Frameworks */ = {
			isa = PBXGroup;
			children = (
				224C34E82A8E555800C232A1 /* libsqlite3.tbd */,
			);
			name = Frameworks;
			sourceTree = "<group>";
		};
		22B23BFC2A8052430043803C /* tableview */ = {
			isa = PBXGroup;
			children = (
				22B23BFD2A8052590043803C /* TasksCell.swift */,
			);
			path = tableview;
			sourceTree = "<group>";
		};
		22E6D4482A89781700BAC22A /* repo */ = {
			isa = PBXGroup;
			children = (
				22E6D4492A89783800BAC22A /* TasksDaoRepository.swift */,
			);
			path = repo;
			sourceTree = "<group>";
		};
		22E6D44B2A89784F00BAC22A /* viewmodel */ = {
			isa = PBXGroup;
			children = (
				22E6D44C2A89786800BAC22A /* HomePageViewModel.swift */,
				22E6D44E2A89788200BAC22A /* CreateTaskViewModel.swift */,
				22E6D4502A89789100BAC22A /* TaskDetailViewModel.swift */,
			);
			path = viewmodel;
			sourceTree = "<group>";
		};
/* End PBXGroup section */

/* Begin PBXNativeTarget section */
		22209FBA2A7ADBE70017776D /* ToDoApp */ = {
			isa = PBXNativeTarget;
			buildConfigurationList = 22209FCF2A7ADBEB0017776D /* Build configuration list for PBXNativeTarget "ToDoApp" */;
			buildPhases = (
				22209FB72A7ADBE70017776D /* Sources */,
				22209FB82A7ADBE70017776D /* Frameworks */,
				22209FB92A7ADBE70017776D /* Resources */,
			);
			buildRules = (
			);
			dependencies = (
			);
			name = ToDoApp;
			packageProductDependencies = (
				22E6D4462A8977DC00BAC22A /* RxSwift */,
			);
			productName = ToDoApp;
			productReference = 22209FBB2A7ADBE70017776D /* ToDoApp.app */;
			productType = "com.apple.product-type.application";
		};
/* End PBXNativeTarget section */

/* Begin PBXProject section */
		22209FB32A7ADBE70017776D /* Project object */ = {
			isa = PBXProject;
			attributes = {
				BuildIndependentTargetsInParallel = 1;
				LastSwiftUpdateCheck = 1420;
				LastUpgradeCheck = 1420;
				TargetAttributes = {
					22209FBA2A7ADBE70017776D = {
						CreatedOnToolsVersion = 14.2;
						LastSwiftMigration = 1420;
					};
				};
			};
			buildConfigurationList = 22209FB62A7ADBE70017776D /* Build configuration list for PBXProject "ToDoApp" */;
			compatibilityVersion = "Xcode 14.0";
			developmentRegion = en;
			hasScannedForEncodings = 0;
			knownRegions = (
				en,
				Base,
			);
			mainGroup = 22209FB22A7ADBE70017776D;
			packageReferences = (
				22E6D4452A8977DC00BAC22A /* XCRemoteSwiftPackageReference "RxSwift" */,
			);
			productRefGroup = 22209FBC2A7ADBE70017776D /* Products */;
			projectDirPath = "";
			projectRoot = "";
			targets = (
				22209FBA2A7ADBE70017776D /* ToDoApp */,
			);
		};
/* End PBXProject section */

/* Begin PBXResourcesBuildPhase section */
		22209FB92A7ADBE70017776D /* Resources */ = {
			isa = PBXResourcesBuildPhase;
			buildActionMask = 2147483647;
			files = (
				22209FCB2A7ADBEB0017776D /* LaunchScreen.storyboard in Resources */,
				22209FC82A7ADBEB0017776D /* Assets.xcassets in Resources */,
				224C35032A8E5D4100C232A1 /* tasks.sqlite in Resources */,
				22209FC62A7ADBE70017776D /* Main.storyboard in Resources */,
			);
			runOnlyForDeploymentPostprocessing = 0;
		};
/* End PBXResourcesBuildPhase section */

/* Begin PBXSourcesBuildPhase section */
		22209FB72A7ADBE70017776D /* Sources */ = {
			isa = PBXSourcesBuildPhase;
			buildActionMask = 2147483647;
			files = (
				22B23BF62A7AF2230043803C /* TaskDetailPage.swift in Sources */,
				224C34F52A8E558200C232A1 /* FMDatabasePool.m in Sources */,
				22B23BFE2A8052590043803C /* TasksCell.swift in Sources */,
				224C34F72A8E558200C232A1 /* FMDatabaseQueue.m in Sources */,
				22E6D44F2A89788200BAC22A /* CreateTaskViewModel.swift in Sources */,
				22209FC32A7ADBE70017776D /* HomePage.swift in Sources */,
				22E6D4512A89789100BAC22A /* TaskDetailViewModel.swift in Sources */,
				22E6D44D2A89786800BAC22A /* HomePageViewModel.swift in Sources */,
				22209FBF2A7ADBE70017776D /* AppDelegate.swift in Sources */,
				224C34F82A8E558200C232A1 /* FMResultSet.m in Sources */,
				224C34F62A8E558200C232A1 /* FMDatabaseAdditions.m in Sources */,
				22209FC12A7ADBE70017776D /* SceneDelegate.swift in Sources */,
				22E6D44A2A89783800BAC22A /* TasksDaoRepository.swift in Sources */,
				22B23BF82A7AF5D20043803C /* Tasks.swift in Sources */,
				22B23BF32A7AF0700043803C /* CreateTaskPage.swift in Sources */,
				224C34F92A8E558200C232A1 /* FMDatabase.m in Sources */,
			);
			runOnlyForDeploymentPostprocessing = 0;
		};
/* End PBXSourcesBuildPhase section */

/* Begin PBXVariantGroup section */
		22209FC42A7ADBE70017776D /* Main.storyboard */ = {
			isa = PBXVariantGroup;
			children = (
				22209FC52A7ADBE70017776D /* Base */,
			);
			name = Main.storyboard;
			sourceTree = "<group>";
		};
		22209FC92A7ADBEB0017776D /* LaunchScreen.storyboard */ = {
			isa = PBXVariantGroup;
			children = (
				22209FCA2A7ADBEB0017776D /* Base */,
			);
			name = LaunchScreen.storyboard;
			sourceTree = "<group>";
		};
/* End PBXVariantGroup section */

/* Begin XCBuildConfiguration section */
		22209FCD2A7ADBEB0017776D /* Debug */ = {
			isa = XCBuildConfiguration;
			buildSettings = {
				ALWAYS_SEARCH_USER_PATHS = NO;
				CLANG_ANALYZER_NONNULL = YES;
				CLANG_ANALYZER_NUMBER_OBJECT_CONVERSION = YES_AGGRESSIVE;
				CLANG_CXX_LANGUAGE_STANDARD = "gnu++20";
				CLANG_ENABLE_MODULES = YES;
				CLANG_ENABLE_OBJC_ARC = YES;
				CLANG_ENABLE_OBJC_WEAK = YES;
				CLANG_WARN_BLOCK_CAPTURE_AUTORELEASING = YES;
				CLANG_WARN_BOOL_CONVERSION = YES;
				CLANG_WARN_COMMA = YES;
				CLANG_WARN_CONSTANT_CONVERSION = YES;
				CLANG_WARN_DEPRECATED_OBJC_IMPLEMENTATIONS = YES;
				CLANG_WARN_DIRECT_OBJC_ISA_USAGE = YES_ERROR;
				CLANG_WARN_DOCUMENTATION_COMMENTS = YES;
				CLANG_WARN_EMPTY_BODY = YES;
				CLANG_WARN_ENUM_CONVERSION = YES;
				CLANG_WARN_INFINITE_RECURSION = YES;
				CLANG_WARN_INT_CONVERSION = YES;
				CLANG_WARN_NON_LITERAL_NULL_CONVERSION = YES;
				CLANG_WARN_OBJC_IMPLICIT_RETAIN_SELF = YES;
				CLANG_WARN_OBJC_LITERAL_CONVERSION = YES;
				CLANG_WARN_OBJC_ROOT_CLASS = YES_ERROR;
				CLANG_WARN_QUOTED_INCLUDE_IN_FRAMEWORK_HEADER = YES;
				CLANG_WARN_RANGE_LOOP_ANALYSIS = YES;
				CLANG_WARN_STRICT_PROTOTYPES = YES;
				CLANG_WARN_SUSPICIOUS_MOVE = YES;
				CLANG_WARN_UNGUARDED_AVAILABILITY = YES_AGGRESSIVE;
				CLANG_WARN_UNREACHABLE_CODE = YES;
				CLANG_WARN__DUPLICATE_METHOD_MATCH = YES;
				COPY_PHASE_STRIP = NO;
				DEBUG_INFORMATION_FORMAT = dwarf;
				ENABLE_STRICT_OBJC_MSGSEND = YES;
				ENABLE_TESTABILITY = YES;
				GCC_C_LANGUAGE_STANDARD = gnu11;
				GCC_DYNAMIC_NO_PIC = NO;
				GCC_NO_COMMON_BLOCKS = YES;
				GCC_OPTIMIZATION_LEVEL = 0;
				GCC_PREPROCESSOR_DEFINITIONS = (
					"DEBUG=1",
					"$(inherited)",
				);
				GCC_WARN_64_TO_32_BIT_CONVERSION = YES;
				GCC_WARN_ABOUT_RETURN_TYPE = YES_ERROR;
				GCC_WARN_UNDECLARED_SELECTOR = YES;
				GCC_WARN_UNINITIALIZED_AUTOS = YES_AGGRESSIVE;
				GCC_WARN_UNUSED_FUNCTION = YES;
				GCC_WARN_UNUSED_VARIABLE = YES;
				IPHONEOS_DEPLOYMENT_TARGET = 16.2;
				MTL_ENABLE_DEBUG_INFO = INCLUDE_SOURCE;
				MTL_FAST_MATH = YES;
				ONLY_ACTIVE_ARCH = YES;
				SDKROOT = iphoneos;
				SWIFT_ACTIVE_COMPILATION_CONDITIONS = DEBUG;
				SWIFT_OPTIMIZATION_LEVEL = "-Onone";
			};
			name = Debug;
		};
		22209FCE2A7ADBEB0017776D /* Release */ = {
			isa = XCBuildConfiguration;
			buildSettings = {
				ALWAYS_SEARCH_USER_PATHS = NO;
				CLANG_ANALYZER_NONNULL = YES;
				CLANG_ANALYZER_NUMBER_OBJECT_CONVERSION = YES_AGGRESSIVE;
				CLANG_CXX_LANGUAGE_STANDARD = "gnu++20";
				CLANG_ENABLE_MODULES = YES;
				CLANG_ENABLE_OBJC_ARC = YES;
				CLANG_ENABLE_OBJC_WEAK = YES;
				CLANG_WARN_BLOCK_CAPTURE_AUTORELEASING = YES;
				CLANG_WARN_BOOL_CONVERSION = YES;
				CLANG_WARN_COMMA = YES;
				CLANG_WARN_CONSTANT_CONVERSION = YES;
				CLANG_WARN_DEPRECATED_OBJC_IMPLEMENTATIONS = YES;
				CLANG_WARN_DIRECT_OBJC_ISA_USAGE = YES_ERROR;
				CLANG_WARN_DOCUMENTATION_COMMENTS = YES;
				CLANG_WARN_EMPTY_BODY = YES;
				CLANG_WARN_ENUM_CONVERSION = YES;
				CLANG_WARN_INFINITE_RECURSION = YES;
				CLANG_WARN_INT_CONVERSION = YES;
				CLANG_WARN_NON_LITERAL_NULL_CONVERSION = YES;
				CLANG_WARN_OBJC_IMPLICIT_RETAIN_SELF = YES;
				CLANG_WARN_OBJC_LITERAL_CONVERSION = YES;
				CLANG_WARN_OBJC_ROOT_CLASS = YES_ERROR;
				CLANG_WARN_QUOTED_INCLUDE_IN_FRAMEWORK_HEADER = YES;
				CLANG_WARN_RANGE_LOOP_ANALYSIS = YES;
				CLANG_WARN_STRICT_PROTOTYPES = YES;
				CLANG_WARN_SUSPICIOUS_MOVE = YES;
				CLANG_WARN_UNGUARDED_AVAILABILITY = YES_AGGRESSIVE;
				CLANG_WARN_UNREACHABLE_CODE = YES;
				CLANG_WARN__DUPLICATE_METHOD_MATCH = YES;
				COPY_PHASE_STRIP = NO;
				DEBUG_INFORMATION_FORMAT = "dwarf-with-dsym";
				ENABLE_NS_ASSERTIONS = NO;
				ENABLE_STRICT_OBJC_MSGSEND = YES;
				GCC_C_LANGUAGE_STANDARD = gnu11;
				GCC_NO_COMMON_BLOCKS = YES;
				GCC_WARN_64_TO_32_BIT_CONVERSION = YES;
				GCC_WARN_ABOUT_RETURN_TYPE = YES_ERROR;
				GCC_WARN_UNDECLARED_SELECTOR = YES;
				GCC_WARN_UNINITIALIZED_AUTOS = YES_AGGRESSIVE;
				GCC_WARN_UNUSED_FUNCTION = YES;
				GCC_WARN_UNUSED_VARIABLE = YES;
				IPHONEOS_DEPLOYMENT_TARGET = 16.2;
				MTL_ENABLE_DEBUG_INFO = NO;
				MTL_FAST_MATH = YES;
				SDKROOT = iphoneos;
				SWIFT_COMPILATION_MODE = wholemodule;
				SWIFT_OPTIMIZATION_LEVEL = "-O";
				VALIDATE_PRODUCT = YES;
			};
			name = Release;
		};
		22209FD02A7ADBEB0017776D /* Debug */ = {
			isa = XCBuildConfiguration;
			buildSettings = {
				ASSETCATALOG_COMPILER_APPICON_NAME = AppIcon;
				ASSETCATALOG_COMPILER_GLOBAL_ACCENT_COLOR_NAME = AccentColor;
				CLANG_ENABLE_MODULES = YES;
				CODE_SIGN_STYLE = Automatic;
				CURRENT_PROJECT_VERSION = 1;
				DEVELOPMENT_TEAM = G8FFKF9HW5;
				GENERATE_INFOPLIST_FILE = YES;
				INFOPLIST_FILE = ToDoApp/Info.plist;
				INFOPLIST_KEY_UIApplicationSupportsIndirectInputEvents = YES;
				INFOPLIST_KEY_UILaunchStoryboardName = LaunchScreen;
				INFOPLIST_KEY_UIMainStoryboardFile = Main;
				INFOPLIST_KEY_UISupportedInterfaceOrientations_iPad = "UIInterfaceOrientationPortrait UIInterfaceOrientationPortraitUpsideDown UIInterfaceOrientationLandscapeLeft UIInterfaceOrientationLandscapeRight";
				INFOPLIST_KEY_UISupportedInterfaceOrientations_iPhone = "UIInterfaceOrientationPortrait UIInterfaceOrientationLandscapeLeft UIInterfaceOrientationLandscapeRight";
				LD_RUNPATH_SEARCH_PATHS = (
					"$(inherited)",
					"@executable_path/Frameworks",
				);
				MARKETING_VERSION = 1.0;
				PRODUCT_BUNDLE_IDENTIFIER = com.info.ToDoApp;
				PRODUCT_NAME = "$(TARGET_NAME)";
				SWIFT_EMIT_LOC_STRINGS = YES;
				SWIFT_OBJC_BRIDGING_HEADER = "ToDoApp/ToDoApp-Bridging-Header.h";
				SWIFT_OPTIMIZATION_LEVEL = "-Onone";
				SWIFT_VERSION = 5.0;
				TARGETED_DEVICE_FAMILY = "1,2";
			};
			name = Debug;
		};
		22209FD12A7ADBEB0017776D /* Release */ = {
			isa = XCBuildConfiguration;
			buildSettings = {
				ASSETCATALOG_COMPILER_APPICON_NAME = AppIcon;
				ASSETCATALOG_COMPILER_GLOBAL_ACCENT_COLOR_NAME = AccentColor;
				CLANG_ENABLE_MODULES = YES;
				CODE_SIGN_STYLE = Automatic;
				CURRENT_PROJECT_VERSION = 1;
				DEVELOPMENT_TEAM = G8FFKF9HW5;
				GENERATE_INFOPLIST_FILE = YES;
				INFOPLIST_FILE = ToDoApp/Info.plist;
				INFOPLIST_KEY_UIApplicationSupportsIndirectInputEvents = YES;
				INFOPLIST_KEY_UILaunchStoryboardName = LaunchScreen;
				INFOPLIST_KEY_UIMainStoryboardFile = Main;
				INFOPLIST_KEY_UISupportedInterfaceOrientations_iPad = "UIInterfaceOrientationPortrait UIInterfaceOrientationPortraitUpsideDown UIInterfaceOrientationLandscapeLeft UIInterfaceOrientationLandscapeRight";
				INFOPLIST_KEY_UISupportedInterfaceOrientations_iPhone = "UIInterfaceOrientationPortrait UIInterfaceOrientationLandscapeLeft UIInterfaceOrientationLandscapeRight";
				LD_RUNPATH_SEARCH_PATHS = (
					"$(inherited)",
					"@executable_path/Frameworks",
				);
				MARKETING_VERSION = 1.0;
				PRODUCT_BUNDLE_IDENTIFIER = com.info.ToDoApp;
				PRODUCT_NAME = "$(TARGET_NAME)";
				SWIFT_EMIT_LOC_STRINGS = YES;
				SWIFT_OBJC_BRIDGING_HEADER = "ToDoApp/ToDoApp-Bridging-Header.h";
				SWIFT_VERSION = 5.0;
				TARGETED_DEVICE_FAMILY = "1,2";
			};
			name = Release;
		};
/* End XCBuildConfiguration section */

/* Begin XCConfigurationList section */
		22209FB62A7ADBE70017776D /* Build configuration list for PBXProject "ToDoApp" */ = {
			isa = XCConfigurationList;
			buildConfigurations = (
				22209FCD2A7ADBEB0017776D /* Debug */,
				22209FCE2A7ADBEB0017776D /* Release */,
			);
			defaultConfigurationIsVisible = 0;
			defaultConfigurationName = Release;
		};
		22209FCF2A7ADBEB0017776D /* Build configuration list for PBXNativeTarget "ToDoApp" */ = {
			isa = XCConfigurationList;
			buildConfigurations = (
				22209FD02A7ADBEB0017776D /* Debug */,
				22209FD12A7ADBEB0017776D /* Release */,
			);
			defaultConfigurationIsVisible = 0;
			defaultConfigurationName = Release;
		};
/* End XCConfigurationList section */

/* Begin XCRemoteSwiftPackageReference section */
		22E6D4452A8977DC00BAC22A /* XCRemoteSwiftPackageReference "RxSwift" */ = {
			isa = XCRemoteSwiftPackageReference;
			repositoryURL = "https://github.com/ReactiveX/RxSwift";
			requirement = {
				branch = main;
				kind = branch;
			};
		};
/* End XCRemoteSwiftPackageReference section */

/* Begin XCSwiftPackageProductDependency section */
		22E6D4462A8977DC00BAC22A /* RxSwift */ = {
			isa = XCSwiftPackageProductDependency;
			package = 22E6D4452A8977DC00BAC22A /* XCRemoteSwiftPackageReference "RxSwift" */;
			productName = RxSwift;
		};
/* End XCSwiftPackageProductDependency section */
	};
	rootObject = 22209FB32A7ADBE70017776D /* Project object */;
}
